
Microsoft Visual Studio Solution File, Format Version 12.00
# Visual Studio 15
VisualStudioVersion = 15.0.28307.572
MinimumVisualStudioVersion = 10.0.40219.1
Project("{9A19103F-16F7-4668-BE54-9A1E7A4F7556}") = "UCHHospital", "UCHHospital\UCHHospital.csproj", "{6DB2D03B-F284-468A-A537-DFEDE4E4474D}"
EndProject
Project("{FAE04EC0-301F-11D3-BF4B-00C04F79EFBC}") = "UCHHospital.Tests", "UCHHospital.Tests\UCHHospital.Tests.csproj", "{33BD848D-CCB8-4972-8DB0-55CA7454C8BB}"
EndProject
Global
	GlobalSection(SolutionConfigurationPlatforms) = preSolution
		Debug|Any CPU = Debug|Any CPU
		Release|Any CPU = Release|Any CPU
	EndGlobalSection
	GlobalSection(ProjectConfigurationPlatforms) = postSolution
		{6DB2D03B-F284-468A-A537-DFEDE4E4474D}.Debug|Any CPU.ActiveCfg = Debug|Any CPU
		{6DB2D03B-F284-468A-A537-DFEDE4E4474D}.Debug|Any CPU.Build.0 = Debug|Any CPU
		{6DB2D03B-F284-468A-A537-DFEDE4E4474D}.Release|Any CPU.ActiveCfg = Release|Any CPU
		{6DB2D03B-F284-468A-A537-DFEDE4E4474D}.Release|Any CPU.Build.0 = Release|Any CPU
		{33BD848D-CCB8-4972-8DB0-55CA7454C8BB}.Debug|Any CPU.ActiveCfg = Debug|Any CPU
		{33BD848D-CCB8-4972-8DB0-55CA7454C8BB}.Debug|Any CPU.Build.0 = Debug|Any CPU
		{33BD848D-CCB8-4972-8DB0-55CA7454C8BB}.Release|Any CPU.ActiveCfg = Release|Any CPU
		{33BD848D-CCB8-4972-8DB0-55CA7454C8BB}.Release|Any CPU.Build.0 = Release|Any CPU
	EndGlobalSection
	GlobalSection(SolutionProperties) = preSolution
		HideSolutionNode = FALSE
	EndGlobalSection
	GlobalSection(ExtensibilityGlobals) = postSolution
		SolutionGuid = {6DDF1C07-BE13-4935-8626-DA846E07CDC3}
	EndGlobalSection
EndGlobal
